
Microsoft Visual Studio Solution File, Format Version 12.00
# Visual Studio 15
VisualStudioVersion = 15.0.28010.2050
MinimumVisualStudioVersion = 10.0.40219.1
Project("{FAE04EC0-301F-11D3-BF4B-00C04F79EFBC}") = "TVshop", "TVshop\TVshop.csproj", "{C987D4F9-2AA1-4ADC-98DE-A36C1362CD8B}"
EndProject
Global
	GlobalSection(SolutionConfigurationPlatforms) = preSolution
		Debug|Any CPU = Debug|Any CPU
		Release|Any CPU = Release|Any CPU
	EndGlobalSection
	GlobalSection(ProjectConfigurationPlatforms) = postSolution
		{C987D4F9-2AA1-4ADC-98DE-A36C1362CD8B}.Debug|Any CPU.ActiveCfg = Debug|Any CPU
		{C987D4F9-2AA1-4ADC-98DE-A36C1362CD8B}.Debug|Any CPU.Build.0 = Debug|Any CPU
		{C987D4F9-2AA1-4ADC-98DE-A36C1362CD8B}.Release|Any CPU.ActiveCfg = Release|Any CPU
		{C987D4F9-2AA1-4ADC-98DE-A36C1362CD8B}.Release|Any CPU.Build.0 = Release|Any CPU
	EndGlobalSection
	GlobalSection(SolutionProperties) = preSolution
		HideSolutionNode = FALSE
	EndGlobalSection
	GlobalSection(ExtensibilityGlobals) = postSolution
		SolutionGuid = {274C0712-4ED9-47A6-B673-81C15A0EE995}
	EndGlobalSection
EndGlobal
